<?xml version="1.0" encoding="utf-8"?>
<Project ToolsVersion="16.0" xmlns="http://schemas.microsoft.com/developer/msbuild/2003">
  <ItemGroup>
    <ClCompile Include="D:\Documentos\comp grafica\OpenGL1\compu-grafica-master\OpenGLProyect\src\glad.c">
      <Filter>Source Files</Filter>
    </ClCompile>
    <ClCompile Include="Source.cpp">
      <Filter>Source Files</Filter>
    </ClCompile>
  </ItemGroup>
  <ItemGroup>
    <CustomBuild Include="D:\Documentos\comp grafica\OpenGL1\compu-grafica-master\OpenGLProyect\CMakeLists.txt" />
  </ItemGroup>
  <ItemGroup>
    <Filter Include="Source Files">
      <UniqueIdentifier>{18881D65-8173-3695-B715-38488D68847E}</UniqueIdentifier>
    </Filter>
  </ItemGroup>
</Project>