<?xml version="1.0" encoding="utf-8"?>
<Project ToolsVersion="16.0" xmlns="http://schemas.microsoft.com/developer/msbuild/2003">
  <ItemGroup>
    <CustomBuild Include="D:\Documentos\comp grafica\repo\Computacion-Grafica\triangulo\CMakeFiles\7dac94bf84688a0018ebf3874c385440\generate.stamp.rule">
      <Filter>CMake Rules</Filter>
    </CustomBuild>
  </ItemGroup>
  <ItemGroup>
    <Filter Include="CMake Rules">
      <UniqueIdentifier>{EC33ADC7-A99A-37CD-B1FB-60B39A86C44A}</UniqueIdentifier>
    </Filter>
  </ItemGroup>
</Project>
