<?xml version="1.0" encoding="utf-8"?>
<Project ToolsVersion="16.0" xmlns="http://schemas.microsoft.com/developer/msbuild/2003">
  <ItemGroup>
    <CustomBuild Include="D:\Documentos\comp grafica\repo\Computacion-Grafica\Sierpiński_triangle\CMakeFiles\7602e9a26729934c17b678003e84de89\generate.stamp.rule">
      <Filter>CMake Rules</Filter>
    </CustomBuild>
  </ItemGroup>
  <ItemGroup>
    <Filter Include="CMake Rules">
      <UniqueIdentifier>{944421D2-8406-3543-8438-7602806FDCD2}</UniqueIdentifier>
    </Filter>
  </ItemGroup>
</Project>
